Microsoft Visual Studio Solution File, Format Version 11.00
# Visual Studio 2008

Project("{8F8E8464-11C5-FFC1-7B7E-BB203C314C58}") = "DragonKiller", "Assembly-CSharp.csproj", "{45F1754E-5F02-0460-761E-7F6E0FD96932}"
EndProject
Global
	GlobalSection(SolutionConfigurationPlatforms) = preSolution
		Debug|Any CPU = Debug|Any CPU
		Release|Any CPU = Release|Any CPU
	EndGlobalSection
	GlobalSection(ProjectConfigurationPlatforms) = postSolution
		{45F1754E-5F02-0460-761E-7F6E0FD96932}.Debug|Any CPU.ActiveCfg = Debug|Any CPU
		{45F1754E-5F02-0460-761E-7F6E0FD96932}.Debug|Any CPU.Build.0 = Debug|Any CPU
		{45F1754E-5F02-0460-761E-7F6E0FD96932}.Release|Any CPU.ActiveCfg = Release|Any CPU
		{45F1754E-5F02-0460-761E-7F6E0FD96932}.Release|Any CPU.Build.0 = Release|Any CPU
	EndGlobalSection
	GlobalSection(SolutionProperties) = preSolution
		HideSolutionNode = FALSE
	EndGlobalSection
	GlobalSection(MonoDevelopProperties) = preSolution
		StartupItem = Assembly-CSharp.csproj
	EndGlobalSection
EndGlobal
